
Microsoft Visual Studio Solution File, Format Version 12.00
# Visual Studio 15
Project("{FAE04EC0-301F-11D3-BF4B-00C04F79EFBC}") = "App.Utils", "App.Utils.csproj", "{0AB18964-1A00-4C91-9FFD-DCE37A0EF093}"
EndProject
Project("{FAE04EC0-301F-11D3-BF4B-00C04F79EFBC}") = "Unity.Mathematics", "Unity.Mathematics.csproj", "{F62013D1-D53C-1D4D-13CE-84A4C69CFBF2}"
EndProject
Project("{FAE04EC0-301F-11D3-BF4B-00C04F79EFBC}") = "Unity.Collections", "Unity.Collections.csproj", "{21876C26-15BF-5F88-010D-1ADCB12CB63C}"
EndProject
Project("{FAE04EC0-301F-11D3-BF4B-00C04F79EFBC}") = "Unity.PerformanceTesting.Editor", "Unity.PerformanceTesting.Editor.csproj", "{566FC561-8C91-2DF0-714C-D07273990F75}"
EndProject
Project("{FAE04EC0-301F-11D3-BF4B-00C04F79EFBC}") = "Unity.Searcher.Editor", "Unity.Searcher.Editor.csproj", "{61B2C373-5FE9-5C66-0568-58E95DC3CDDA}"
EndProject
Project("{FAE04EC0-301F-11D3-BF4B-00C04F79EFBC}") = "Unity.Burst", "Unity.Burst.csproj", "{617D51F9-B1F4-E9A9-B156-2B455A6B76B7}"
EndProject
Project("{FAE04EC0-301F-11D3-BF4B-00C04F79EFBC}") = "Assembly-CSharp", "Assembly-CSharp.csproj", "{00609963-2BAE-3117-63E7-F1A7FAC9063E}"
EndProject
Project("{FAE04EC0-301F-11D3-BF4B-00C04F79EFBC}") = "Unity.VisualStudio.Editor", "Unity.VisualStudio.Editor.csproj", "{2A755E95-ED58-DC3C-0B18-15255153B077}"
EndProject
Project("{FAE04EC0-301F-11D3-BF4B-00C04F79EFBC}") = "Unity.Burst.CodeGen", "Unity.Burst.CodeGen.csproj", "{64376EDC-B966-2D22-1DED-015F2D8C317D}"
EndProject
Project("{FAE04EC0-301F-11D3-BF4B-00C04F79EFBC}") = "Unity.PerformanceTesting", "Unity.PerformanceTesting.csproj", "{994C0DB8-D1AD-B374-397A-E46846BB826E}"
EndProject
Project("{FAE04EC0-301F-11D3-BF4B-00C04F79EFBC}") = "Unity.Burst.Editor", "Unity.Burst.Editor.csproj", "{02EE7593-84EC-957B-124A-05AD294CBDA4}"
EndProject
Project("{FAE04EC0-301F-11D3-BF4B-00C04F79EFBC}") = "Unity.Collections.CodeGen", "Unity.Collections.CodeGen.csproj", "{624A0500-5FAF-2BC8-6425-FF8A5A55FAC3}"
EndProject
Project("{FAE04EC0-301F-11D3-BF4B-00C04F79EFBC}") = "Unity.Mathematics.Editor", "Unity.Mathematics.Editor.csproj", "{28BCF5C7-787C-9C7D-6821-829710E4BC05}"
EndProject
Project("{FAE04EC0-301F-11D3-BF4B-00C04F79EFBC}") = "Unity.Collections.Editor", "Unity.Collections.Editor.csproj", "{5554B79D-8A18-7D27-E5BC-5464AE775CFA}"
EndProject
Global
	GlobalSection(SolutionConfigurationPlatforms) = preSolution
		Debug|Any CPU = Debug|Any CPU
		Release|Any CPU = Release|Any CPU
	EndGlobalSection
	GlobalSection(ProjectConfigurationPlatforms) = postSolution
		{0AB18964-1A00-4C91-9FFD-DCE37A0EF093}.Debug|Any CPU.ActiveCfg = Debug|Any CPU
		{0AB18964-1A00-4C91-9FFD-DCE37A0EF093}.Debug|Any CPU.Build.0 = Debug|Any CPU
		{0AB18964-1A00-4C91-9FFD-DCE37A0EF093}.Release|Any CPU.ActiveCfg = Release|Any CPU
		{0AB18964-1A00-4C91-9FFD-DCE37A0EF093}.Release|Any CPU.Build.0 = Release|Any CPU
		{F62013D1-D53C-1D4D-13CE-84A4C69CFBF2}.Debug|Any CPU.ActiveCfg = Debug|Any CPU
		{F62013D1-D53C-1D4D-13CE-84A4C69CFBF2}.Debug|Any CPU.Build.0 = Debug|Any CPU
		{F62013D1-D53C-1D4D-13CE-84A4C69CFBF2}.Release|Any CPU.ActiveCfg = Release|Any CPU
		{F62013D1-D53C-1D4D-13CE-84A4C69CFBF2}.Release|Any CPU.Build.0 = Release|Any CPU
		{21876C26-15BF-5F88-010D-1ADCB12CB63C}.Debug|Any CPU.ActiveCfg = Debug|Any CPU
		{21876C26-15BF-5F88-010D-1ADCB12CB63C}.Debug|Any CPU.Build.0 = Debug|Any CPU
		{21876C26-15BF-5F88-010D-1ADCB12CB63C}.Release|Any CPU.ActiveCfg = Release|Any CPU
		{21876C26-15BF-5F88-010D-1ADCB12CB63C}.Release|Any CPU.Build.0 = Release|Any CPU
		{566FC561-8C91-2DF0-714C-D07273990F75}.Debug|Any CPU.ActiveCfg = Debug|Any CPU
		{566FC561-8C91-2DF0-714C-D07273990F75}.Debug|Any CPU.Build.0 = Debug|Any CPU
		{566FC561-8C91-2DF0-714C-D07273990F75}.Release|Any CPU.ActiveCfg = Release|Any CPU
		{566FC561-8C91-2DF0-714C-D07273990F75}.Release|Any CPU.Build.0 = Release|Any CPU
		{61B2C373-5FE9-5C66-0568-58E95DC3CDDA}.Debug|Any CPU.ActiveCfg = Debug|Any CPU
		{61B2C373-5FE9-5C66-0568-58E95DC3CDDA}.Debug|Any CPU.Build.0 = Debug|Any CPU
		{61B2C373-5FE9-5C66-0568-58E95DC3CDDA}.Release|Any CPU.ActiveCfg = Release|Any CPU
		{61B2C373-5FE9-5C66-0568-58E95DC3CDDA}.Release|Any CPU.Build.0 = Release|Any CPU
		{617D51F9-B1F4-E9A9-B156-2B455A6B76B7}.Debug|Any CPU.ActiveCfg = Debug|Any CPU
		{617D51F9-B1F4-E9A9-B156-2B455A6B76B7}.Debug|Any CPU.Build.0 = Debug|Any CPU
		{617D51F9-B1F4-E9A9-B156-2B455A6B76B7}.Release|Any CPU.ActiveCfg = Release|Any CPU
		{617D51F9-B1F4-E9A9-B156-2B455A6B76B7}.Release|Any CPU.Build.0 = Release|Any CPU
		{00609963-2BAE-3117-63E7-F1A7FAC9063E}.Debug|Any CPU.ActiveCfg = Debug|Any CPU
		{00609963-2BAE-3117-63E7-F1A7FAC9063E}.Debug|Any CPU.Build.0 = Debug|Any CPU
		{00609963-2BAE-3117-63E7-F1A7FAC9063E}.Release|Any CPU.ActiveCfg = Release|Any CPU
		{00609963-2BAE-3117-63E7-F1A7FAC9063E}.Release|Any CPU.Build.0 = Release|Any CPU
		{2A755E95-ED58-DC3C-0B18-15255153B077}.Debug|Any CPU.ActiveCfg = Debug|Any CPU
		{2A755E95-ED58-DC3C-0B18-15255153B077}.Debug|Any CPU.Build.0 = Debug|Any CPU
		{2A755E95-ED58-DC3C-0B18-15255153B077}.Release|Any CPU.ActiveCfg = Release|Any CPU
		{2A755E95-ED58-DC3C-0B18-15255153B077}.Release|Any CPU.Build.0 = Release|Any CPU
		{64376EDC-B966-2D22-1DED-015F2D8C317D}.Debug|Any CPU.ActiveCfg = Debug|Any CPU
		{64376EDC-B966-2D22-1DED-015F2D8C317D}.Debug|Any CPU.Build.0 = Debug|Any CPU
		{64376EDC-B966-2D22-1DED-015F2D8C317D}.Release|Any CPU.ActiveCfg = Release|Any CPU
		{64376EDC-B966-2D22-1DED-015F2D8C317D}.Release|Any CPU.Build.0 = Release|Any CPU
		{994C0DB8-D1AD-B374-397A-E46846BB826E}.Debug|Any CPU.ActiveCfg = Debug|Any CPU
		{994C0DB8-D1AD-B374-397A-E46846BB826E}.Debug|Any CPU.Build.0 = Debug|Any CPU
		{994C0DB8-D1AD-B374-397A-E46846BB826E}.Release|Any CPU.ActiveCfg = Release|Any CPU
		{994C0DB8-D1AD-B374-397A-E46846BB826E}.Release|Any CPU.Build.0 = Release|Any CPU
		{02EE7593-84EC-957B-124A-05AD294CBDA4}.Debug|Any CPU.ActiveCfg = Debug|Any CPU
		{02EE7593-84EC-957B-124A-05AD294CBDA4}.Debug|Any CPU.Build.0 = Debug|Any CPU
		{02EE7593-84EC-957B-124A-05AD294CBDA4}.Release|Any CPU.ActiveCfg = Release|Any CPU
		{02EE7593-84EC-957B-124A-05AD294CBDA4}.Release|Any CPU.Build.0 = Release|Any CPU
		{624A0500-5FAF-2BC8-6425-FF8A5A55FAC3}.Debug|Any CPU.ActiveCfg = Debug|Any CPU
		{624A0500-5FAF-2BC8-6425-FF8A5A55FAC3}.Debug|Any CPU.Build.0 = Debug|Any CPU
		{624A0500-5FAF-2BC8-6425-FF8A5A55FAC3}.Release|Any CPU.ActiveCfg = Release|Any CPU
		{624A0500-5FAF-2BC8-6425-FF8A5A55FAC3}.Release|Any CPU.Build.0 = Release|Any CPU
		{28BCF5C7-787C-9C7D-6821-829710E4BC05}.Debug|Any CPU.ActiveCfg = Debug|Any CPU
		{28BCF5C7-787C-9C7D-6821-829710E4BC05}.Debug|Any CPU.Build.0 = Debug|Any CPU
		{28BCF5C7-787C-9C7D-6821-829710E4BC05}.Release|Any CPU.ActiveCfg = Release|Any CPU
		{28BCF5C7-787C-9C7D-6821-829710E4BC05}.Release|Any CPU.Build.0 = Release|Any CPU
		{5554B79D-8A18-7D27-E5BC-5464AE775CFA}.Debug|Any CPU.ActiveCfg = Debug|Any CPU
		{5554B79D-8A18-7D27-E5BC-5464AE775CFA}.Debug|Any CPU.Build.0 = Debug|Any CPU
		{5554B79D-8A18-7D27-E5BC-5464AE775CFA}.Release|Any CPU.ActiveCfg = Release|Any CPU
		{5554B79D-8A18-7D27-E5BC-5464AE775CFA}.Release|Any CPU.Build.0 = Release|Any CPU
	EndGlobalSection
	GlobalSection(SolutionProperties) = preSolution
		HideSolutionNode = FALSE
	EndGlobalSection
EndGlobal
