
Microsoft Visual Studio Solution File, Format Version 12.00
# Visual Studio 15
Project("{FAE04EC0-301F-11D3-BF4B-00C04F79EFBC}") = "Unity.AI.Sound", "Unity.AI.Sound.csproj", "{750430D9-0DB3-5A83-8E00-D6657E8BFB94}"
EndProject
Project("{FAE04EC0-301F-11D3-BF4B-00C04F79EFBC}") = "Unity.PlasticSCM.Editor", "Unity.PlasticSCM.Editor.csproj", "{60691BCE-4269-615E-11D1-A3E1C5113A9B}"
EndProject
Project("{FAE04EC0-301F-11D3-BF4B-00C04F79EFBC}") = "Unity.Mathematics", "Unity.Mathematics.csproj", "{F62013D1-D53C-1D4D-13CE-84A4C69CFBF2}"
EndProject
Project("{FAE04EC0-301F-11D3-BF4B-00C04F79EFBC}") = "Unity.Collections", "Unity.Collections.csproj", "{21876C26-15BF-5F88-010D-1ADCB12CB63C}"
EndProject
Project("{FAE04EC0-301F-11D3-BF4B-00C04F79EFBC}") = "Unity.PerformanceTesting.Editor", "Unity.PerformanceTesting.Editor.csproj", "{566FC561-8C91-2DF0-714C-D07273990F75}"
EndProject
Project("{FAE04EC0-301F-11D3-BF4B-00C04F79EFBC}") = "glTFast.Editor", "glTFast.Editor.csproj", "{E6F6EDB6-D652-03A9-DF1D-CAECACD02508}"
EndProject
Project("{FAE04EC0-301F-11D3-BF4B-00C04F79EFBC}") = "Unity.AI.Assistant.Runtime", "Unity.AI.Assistant.Runtime.csproj", "{E25D12AF-4989-C9AC-8CAE-FB45CB125C6F}"
EndProject
Project("{FAE04EC0-301F-11D3-BF4B-00C04F79EFBC}") = "Unity.AI.Assistant.UI.Editor", "Unity.AI.Assistant.UI.Editor.csproj", "{662854B4-EC55-BD3D-08C7-3CA096ACD6EE}"
EndProject
Project("{FAE04EC0-301F-11D3-BF4B-00C04F79EFBC}") = "Unity.AI.Toolkit.Utility", "Unity.AI.Toolkit.Utility.csproj", "{75FC03D3-B6A6-FE27-AC23-E9099C30CA81}"
EndProject
Project("{FAE04EC0-301F-11D3-BF4B-00C04F79EFBC}") = "Unity.AI.Generators.Redux", "Unity.AI.Generators.Redux.csproj", "{89E8D486-FB7B-6110-B6AD-71F3FFE71C5E}"
EndProject
Project("{FAE04EC0-301F-11D3-BF4B-00C04F79EFBC}") = "Unity.AI.MCP.Editor", "Unity.AI.MCP.Editor.csproj", "{20B1A763-2EE9-B7B3-D72F-1F16DFEFCA29}"
EndProject
Project("{FAE04EC0-301F-11D3-BF4B-00C04F79EFBC}") = "Unity.Burst", "Unity.Burst.csproj", "{617D51F9-B1F4-E9A9-B156-2B455A6B76B7}"
EndProject
Project("{FAE04EC0-301F-11D3-BF4B-00C04F79EFBC}") = "glTFast", "glTFast.csproj", "{82A5932B-EF97-8789-BB24-EE2FACA57BA3}"
EndProject
Project("{FAE04EC0-301F-11D3-BF4B-00C04F79EFBC}") = "Unity.VisualStudio.Editor", "Unity.VisualStudio.Editor.csproj", "{2A755E95-ED58-DC3C-0B18-15255153B077}"
EndProject
Project("{FAE04EC0-301F-11D3-BF4B-00C04F79EFBC}") = "Assembly-CSharp", "Assembly-CSharp.csproj", "{00609963-2BAE-3117-63E7-F1A7FAC9063E}"
EndProject
Project("{FAE04EC0-301F-11D3-BF4B-00C04F79EFBC}") = "App.Utils", "App.Utils.csproj", "{0AB18964-1A00-4C91-9FFD-DCE37A0EF093}"
EndProject
Project("{FAE04EC0-301F-11D3-BF4B-00C04F79EFBC}") = "Unity.AI.Mesh", "Unity.AI.Mesh.csproj", "{3E55CAAE-C434-B61F-CF9D-E11BB66A6006}"
EndProject
Project("{FAE04EC0-301F-11D3-BF4B-00C04F79EFBC}") = "Unity.AI.Assistant.Editor", "Unity.AI.Assistant.Editor.csproj", "{88942BC6-2383-BF30-A6CA-C4D87E00D358}"
EndProject
Project("{FAE04EC0-301F-11D3-BF4B-00C04F79EFBC}") = "Unity.Searcher.Editor", "Unity.Searcher.Editor.csproj", "{61B2C373-5FE9-5C66-0568-58E95DC3CDDA}"
EndProject
Project("{FAE04EC0-301F-11D3-BF4B-00C04F79EFBC}") = "Unity.AI.Pbr", "Unity.AI.Pbr.csproj", "{CB06D30B-9D58-B656-127D-44A50C285886}"
EndProject
Project("{FAE04EC0-301F-11D3-BF4B-00C04F79EFBC}") = "Unity.AI.Generators.Sdk", "Unity.AI.Generators.Sdk.csproj", "{ECE83141-A011-9A16-99EF-DFF52C3A3373}"
EndProject
Project("{FAE04EC0-301F-11D3-BF4B-00C04F79EFBC}") = "Unity.Burst.CodeGen", "Unity.Burst.CodeGen.csproj", "{64376EDC-B966-2D22-1DED-015F2D8C317D}"
EndProject
Project("{FAE04EC0-301F-11D3-BF4B-00C04F79EFBC}") = "Unity.AI.Toolkit.Accounts", "Unity.AI.Toolkit.Accounts.csproj", "{2CA8EAC9-98F4-53A9-8A76-D90530E03556}"
EndProject
Project("{FAE04EC0-301F-11D3-BF4B-00C04F79EFBC}") = "Unity.PerformanceTesting", "Unity.PerformanceTesting.csproj", "{994C0DB8-D1AD-B374-397A-E46846BB826E}"
EndProject
Project("{FAE04EC0-301F-11D3-BF4B-00C04F79EFBC}") = "Unity.AI.ModelSelector", "Unity.AI.ModelSelector.csproj", "{433F3357-4F90-4560-929A-9C90D0FA6E03}"
EndProject
Project("{FAE04EC0-301F-11D3-BF4B-00C04F79EFBC}") = "Unity.AI.Assistant.Tools.Editor", "Unity.AI.Assistant.Tools.Editor.csproj", "{D5BB4BC4-5024-70CE-EA60-43F6BCCC1BF6}"
EndProject
Project("{FAE04EC0-301F-11D3-BF4B-00C04F79EFBC}") = "Unity.AI.Animate", "Unity.AI.Animate.csproj", "{A8ED5BD6-4976-C398-43BE-FAADB4A5FD7E}"
EndProject
Project("{FAE04EC0-301F-11D3-BF4B-00C04F79EFBC}") = "glTFast.Export", "glTFast.Export.csproj", "{41C54E78-71A4-39BB-9008-413903CC7162}"
EndProject
Project("{FAE04EC0-301F-11D3-BF4B-00C04F79EFBC}") = "Unity.Burst.Editor", "Unity.Burst.Editor.csproj", "{02EE7593-84EC-957B-124A-05AD294CBDA4}"
EndProject
Project("{FAE04EC0-301F-11D3-BF4B-00C04F79EFBC}") = "Unity.AI.Image", "Unity.AI.Image.csproj", "{5937946B-D41B-3D55-430B-37A72F574FBB}"
EndProject
Project("{FAE04EC0-301F-11D3-BF4B-00C04F79EFBC}") = "Unity.AI.Generators.UI", "Unity.AI.Generators.UI.csproj", "{A0573787-EED6-C1E5-6F1A-C4C820B9E1A5}"
EndProject
Project("{FAE04EC0-301F-11D3-BF4B-00C04F79EFBC}") = "Unity.AI.Generators.IO", "Unity.AI.Generators.IO.csproj", "{2F9964E2-0C31-F76D-26C9-7BCB68F57859}"
EndProject
Project("{FAE04EC0-301F-11D3-BF4B-00C04F79EFBC}") = "HFDownloader", "HFDownloader.csproj", "{AA7B862B-DEA7-ACA5-24E9-C50BAAE95842}"
EndProject
Project("{FAE04EC0-301F-11D3-BF4B-00C04F79EFBC}") = "Unity.AI.Assistant.Integrations.Profiler.Editor", "Unity.AI.Assistant.Integrations.Profiler.Editor.csproj", "{C3BFA628-0342-9CFC-7B14-AE3823F10F0B}"
EndProject
Project("{FAE04EC0-301F-11D3-BF4B-00C04F79EFBC}") = "Unity.AI.Search.Editor", "Unity.AI.Search.Editor.csproj", "{7D339B8B-0972-AE65-B2F2-A6C5BA7EEDF9}"
EndProject
Project("{FAE04EC0-301F-11D3-BF4B-00C04F79EFBC}") = "Unity.AI.Assistant.Agent.Dynamic.Extension.Editor", "Unity.AI.Assistant.Agent.Dynamic.Extension.Editor.csproj", "{03C0F8E0-6E65-F389-1B5E-A4FCE0A8F4F1}"
EndProject
Project("{FAE04EC0-301F-11D3-BF4B-00C04F79EFBC}") = "glTFast.Newtonsoft", "glTFast.Newtonsoft.csproj", "{1E1B629E-95B1-4FFE-E086-254965B354A9}"
EndProject
Project("{FAE04EC0-301F-11D3-BF4B-00C04F79EFBC}") = "Unity.AI.Tracing", "Unity.AI.Tracing.csproj", "{28E867B3-AFBD-5E17-7D85-C883EA119C05}"
EndProject
Project("{FAE04EC0-301F-11D3-BF4B-00C04F79EFBC}") = "Unity.AI.Toolkit.GenerationObjectPicker", "Unity.AI.Toolkit.GenerationObjectPicker.csproj", "{ECDE6C37-9237-6F4D-2C5F-403AAFE4825D}"
EndProject
Project("{FAE04EC0-301F-11D3-BF4B-00C04F79EFBC}") = "Unity.AI.Assistant.API.Editor", "Unity.AI.Assistant.API.Editor.csproj", "{0CB5DB08-C3D3-0F60-6CDD-2804040E7A57}"
EndProject
Project("{FAE04EC0-301F-11D3-BF4B-00C04F79EFBC}") = "glTFast.Documentation.Examples", "glTFast.Documentation.Examples.csproj", "{86C396F3-434B-6D29-7EB7-14398C1F3E8F}"
EndProject
Project("{FAE04EC0-301F-11D3-BF4B-00C04F79EFBC}") = "Unity.AI.Generators.UI.AIDropdownIntegrations", "Unity.AI.Generators.UI.AIDropdownIntegrations.csproj", "{64249863-56A2-FBC0-6EE4-C751F99179FE}"
EndProject
Project("{FAE04EC0-301F-11D3-BF4B-00C04F79EFBC}") = "Unity.AI.Generators.Asset", "Unity.AI.Generators.Asset.csproj", "{76807EE8-4ABD-0070-EAAA-3DB0D9EAB888}"
EndProject
Project("{FAE04EC0-301F-11D3-BF4B-00C04F79EFBC}") = "Unity.AI.Toolkit.Asset", "Unity.AI.Toolkit.Asset.csproj", "{7E007A5E-647F-928E-1F34-E8F57ECA26FF}"
EndProject
Project("{FAE04EC0-301F-11D3-BF4B-00C04F79EFBC}") = "Unity.Collections.CodeGen", "Unity.Collections.CodeGen.csproj", "{624A0500-5FAF-2BC8-6425-FF8A5A55FAC3}"
EndProject
Project("{FAE04EC0-301F-11D3-BF4B-00C04F79EFBC}") = "Unity.AI.Assistant.AssetGenerators.Editor", "Unity.AI.Assistant.AssetGenerators.Editor.csproj", "{A35A7570-7951-6FCC-450B-58F55E3A1149}"
EndProject
Project("{FAE04EC0-301F-11D3-BF4B-00C04F79EFBC}") = "Unity.Mathematics.Editor", "Unity.Mathematics.Editor.csproj", "{28BCF5C7-787C-9C7D-6821-829710E4BC05}"
EndProject
Project("{FAE04EC0-301F-11D3-BF4B-00C04F79EFBC}") = "Unity.AI.Assistant.Annotations.Editor", "Unity.AI.Assistant.Annotations.Editor.csproj", "{1774DBC0-7A42-7128-7BB1-3DC10E5214C7}"
EndProject
Project("{FAE04EC0-301F-11D3-BF4B-00C04F79EFBC}") = "Unity.AI.MCP.Runtime", "Unity.AI.MCP.Runtime.csproj", "{E3A81511-5338-2233-0297-5C9C9F209811}"
EndProject
Project("{FAE04EC0-301F-11D3-BF4B-00C04F79EFBC}") = "Unity.AI.Generators.Tools", "Unity.AI.Generators.Tools.csproj", "{BEF82BFE-F557-114D-F3D2-9097F59BBE8D}"
EndProject
Project("{FAE04EC0-301F-11D3-BF4B-00C04F79EFBC}") = "Unity.AI.Pbr.Srp", "Unity.AI.Pbr.Srp.csproj", "{310767B2-2FD9-3B0B-69E7-671EEE2F764F}"
EndProject
Project("{FAE04EC0-301F-11D3-BF4B-00C04F79EFBC}") = "Unity.CollabProxy.Editor", "Unity.CollabProxy.Editor.csproj", "{08A3A7B9-5034-2780-C0B5-59E071FF1D89}"
EndProject
Project("{FAE04EC0-301F-11D3-BF4B-00C04F79EFBC}") = "Unity.AI.Toolkit.Async", "Unity.AI.Toolkit.Async.csproj", "{F445833B-79C3-13F0-935E-C04773919CD6}"
EndProject
Project("{FAE04EC0-301F-11D3-BF4B-00C04F79EFBC}") = "Unity.AI.Assistant.Bridge.Editor", "Unity.AI.Assistant.Bridge.Editor.csproj", "{DF9A9BFB-6F1B-4868-5F68-287F0B05BEF8}"
EndProject
Project("{FAE04EC0-301F-11D3-BF4B-00C04F79EFBC}") = "Unity.AI.Toolkit.Compliance", "Unity.AI.Toolkit.Compliance.csproj", "{51CE80AA-C67A-5E0F-583D-D865EBEE7E86}"
EndProject
Project("{FAE04EC0-301F-11D3-BF4B-00C04F79EFBC}") = "Unity.AI.Toolkit.GenerationContextMenu", "Unity.AI.Toolkit.GenerationContextMenu.csproj", "{16494863-1843-0820-4666-537E035D6B76}"
EndProject
Project("{FAE04EC0-301F-11D3-BF4B-00C04F79EFBC}") = "glTFast.dots", "glTFast.dots.csproj", "{ECCF3175-DF4F-B6F4-C781-4683D2DB733C}"
EndProject
Project("{FAE04EC0-301F-11D3-BF4B-00C04F79EFBC}") = "Unity.PlasticSCM.Editor.Entities", "Unity.PlasticSCM.Editor.Entities.csproj", "{0520C820-B32C-CE4F-C2DE-1B5AC66C327C}"
EndProject
Project("{FAE04EC0-301F-11D3-BF4B-00C04F79EFBC}") = "Unity.AI.Generators.Contexts", "Unity.AI.Generators.Contexts.csproj", "{2DE90F76-665E-9F93-A0B7-4EB4ED80AD6F}"
EndProject
Project("{FAE04EC0-301F-11D3-BF4B-00C04F79EFBC}") = "Unity.AI.Generators.IO.Srp", "Unity.AI.Generators.IO.Srp.csproj", "{237CC170-1BD9-618D-72F3-A1E70DEF50D2}"
EndProject
Project("{FAE04EC0-301F-11D3-BF4B-00C04F79EFBC}") = "Unity.AI.Animate.Motion.Runtime", "Unity.AI.Animate.Motion.Runtime.csproj", "{DA374C13-794A-0C32-DDA3-CF5EAD7B0E7E}"
EndProject
Project("{FAE04EC0-301F-11D3-BF4B-00C04F79EFBC}") = "Unity.Collections.Editor", "Unity.Collections.Editor.csproj", "{5554B79D-8A18-7D27-E5BC-5464AE775CFA}"
EndProject
Global
	GlobalSection(SolutionConfigurationPlatforms) = preSolution
		Debug|Any CPU = Debug|Any CPU
		Release|Any CPU = Release|Any CPU
	EndGlobalSection
	GlobalSection(ProjectConfigurationPlatforms) = postSolution
		{750430D9-0DB3-5A83-8E00-D6657E8BFB94}.Debug|Any CPU.ActiveCfg = Debug|Any CPU
		{750430D9-0DB3-5A83-8E00-D6657E8BFB94}.Debug|Any CPU.Build.0 = Debug|Any CPU
		{750430D9-0DB3-5A83-8E00-D6657E8BFB94}.Release|Any CPU.ActiveCfg = Release|Any CPU
		{750430D9-0DB3-5A83-8E00-D6657E8BFB94}.Release|Any CPU.Build.0 = Release|Any CPU
		{60691BCE-4269-615E-11D1-A3E1C5113A9B}.Debug|Any CPU.ActiveCfg = Debug|Any CPU
		{60691BCE-4269-615E-11D1-A3E1C5113A9B}.Debug|Any CPU.Build.0 = Debug|Any CPU
		{60691BCE-4269-615E-11D1-A3E1C5113A9B}.Release|Any CPU.ActiveCfg = Release|Any CPU
		{60691BCE-4269-615E-11D1-A3E1C5113A9B}.Release|Any CPU.Build.0 = Release|Any CPU
		{F62013D1-D53C-1D4D-13CE-84A4C69CFBF2}.Debug|Any CPU.ActiveCfg = Debug|Any CPU
		{F62013D1-D53C-1D4D-13CE-84A4C69CFBF2}.Debug|Any CPU.Build.0 = Debug|Any CPU
		{F62013D1-D53C-1D4D-13CE-84A4C69CFBF2}.Release|Any CPU.ActiveCfg = Release|Any CPU
		{F62013D1-D53C-1D4D-13CE-84A4C69CFBF2}.Release|Any CPU.Build.0 = Release|Any CPU
		{21876C26-15BF-5F88-010D-1ADCB12CB63C}.Debug|Any CPU.ActiveCfg = Debug|Any CPU
		{21876C26-15BF-5F88-010D-1ADCB12CB63C}.Debug|Any CPU.Build.0 = Debug|Any CPU
		{21876C26-15BF-5F88-010D-1ADCB12CB63C}.Release|Any CPU.ActiveCfg = Release|Any CPU
		{21876C26-15BF-5F88-010D-1ADCB12CB63C}.Release|Any CPU.Build.0 = Release|Any CPU
		{566FC561-8C91-2DF0-714C-D07273990F75}.Debug|Any CPU.ActiveCfg = Debug|Any CPU
		{566FC561-8C91-2DF0-714C-D07273990F75}.Debug|Any CPU.Build.0 = Debug|Any CPU
		{566FC561-8C91-2DF0-714C-D07273990F75}.Release|Any CPU.ActiveCfg = Release|Any CPU
		{566FC561-8C91-2DF0-714C-D07273990F75}.Release|Any CPU.Build.0 = Release|Any CPU
		{E6F6EDB6-D652-03A9-DF1D-CAECACD02508}.Debug|Any CPU.ActiveCfg = Debug|Any CPU
		{E6F6EDB6-D652-03A9-DF1D-CAECACD02508}.Debug|Any CPU.Build.0 = Debug|Any CPU
		{E6F6EDB6-D652-03A9-DF1D-CAECACD02508}.Release|Any CPU.ActiveCfg = Release|Any CPU
		{E6F6EDB6-D652-03A9-DF1D-CAECACD02508}.Release|Any CPU.Build.0 = Release|Any CPU
		{E25D12AF-4989-C9AC-8CAE-FB45CB125C6F}.Debug|Any CPU.ActiveCfg = Debug|Any CPU
		{E25D12AF-4989-C9AC-8CAE-FB45CB125C6F}.Debug|Any CPU.Build.0 = Debug|Any CPU
		{E25D12AF-4989-C9AC-8CAE-FB45CB125C6F}.Release|Any CPU.ActiveCfg = Release|Any CPU
		{E25D12AF-4989-C9AC-8CAE-FB45CB125C6F}.Release|Any CPU.Build.0 = Release|Any CPU
		{662854B4-EC55-BD3D-08C7-3CA096ACD6EE}.Debug|Any CPU.ActiveCfg = Debug|Any CPU
		{662854B4-EC55-BD3D-08C7-3CA096ACD6EE}.Debug|Any CPU.Build.0 = Debug|Any CPU
		{662854B4-EC55-BD3D-08C7-3CA096ACD6EE}.Release|Any CPU.ActiveCfg = Release|Any CPU
		{662854B4-EC55-BD3D-08C7-3CA096ACD6EE}.Release|Any CPU.Build.0 = Release|Any CPU
		{75FC03D3-B6A6-FE27-AC23-E9099C30CA81}.Debug|Any CPU.ActiveCfg = Debug|Any CPU
		{75FC03D3-B6A6-FE27-AC23-E9099C30CA81}.Debug|Any CPU.Build.0 = Debug|Any CPU
		{75FC03D3-B6A6-FE27-AC23-E9099C30CA81}.Release|Any CPU.ActiveCfg = Release|Any CPU
		{75FC03D3-B6A6-FE27-AC23-E9099C30CA81}.Release|Any CPU.Build.0 = Release|Any CPU
		{89E8D486-FB7B-6110-B6AD-71F3FFE71C5E}.Debug|Any CPU.ActiveCfg = Debug|Any CPU
		{89E8D486-FB7B-6110-B6AD-71F3FFE71C5E}.Debug|Any CPU.Build.0 = Debug|Any CPU
		{89E8D486-FB7B-6110-B6AD-71F3FFE71C5E}.Release|Any CPU.ActiveCfg = Release|Any CPU
		{89E8D486-FB7B-6110-B6AD-71F3FFE71C5E}.Release|Any CPU.Build.0 = Release|Any CPU
		{20B1A763-2EE9-B7B3-D72F-1F16DFEFCA29}.Debug|Any CPU.ActiveCfg = Debug|Any CPU
		{20B1A763-2EE9-B7B3-D72F-1F16DFEFCA29}.Debug|Any CPU.Build.0 = Debug|Any CPU
		{20B1A763-2EE9-B7B3-D72F-1F16DFEFCA29}.Release|Any CPU.ActiveCfg = Release|Any CPU
		{20B1A763-2EE9-B7B3-D72F-1F16DFEFCA29}.Release|Any CPU.Build.0 = Release|Any CPU
		{617D51F9-B1F4-E9A9-B156-2B455A6B76B7}.Debug|Any CPU.ActiveCfg = Debug|Any CPU
		{617D51F9-B1F4-E9A9-B156-2B455A6B76B7}.Debug|Any CPU.Build.0 = Debug|Any CPU
		{617D51F9-B1F4-E9A9-B156-2B455A6B76B7}.Release|Any CPU.ActiveCfg = Release|Any CPU
		{617D51F9-B1F4-E9A9-B156-2B455A6B76B7}.Release|Any CPU.Build.0 = Release|Any CPU
		{82A5932B-EF97-8789-BB24-EE2FACA57BA3}.Debug|Any CPU.ActiveCfg = Debug|Any CPU
		{82A5932B-EF97-8789-BB24-EE2FACA57BA3}.Debug|Any CPU.Build.0 = Debug|Any CPU
		{82A5932B-EF97-8789-BB24-EE2FACA57BA3}.Release|Any CPU.ActiveCfg = Release|Any CPU
		{82A5932B-EF97-8789-BB24-EE2FACA57BA3}.Release|Any CPU.Build.0 = Release|Any CPU
		{2A755E95-ED58-DC3C-0B18-15255153B077}.Debug|Any CPU.ActiveCfg = Debug|Any CPU
		{2A755E95-ED58-DC3C-0B18-15255153B077}.Debug|Any CPU.Build.0 = Debug|Any CPU
		{2A755E95-ED58-DC3C-0B18-15255153B077}.Release|Any CPU.ActiveCfg = Release|Any CPU
		{2A755E95-ED58-DC3C-0B18-15255153B077}.Release|Any CPU.Build.0 = Release|Any CPU
		{00609963-2BAE-3117-63E7-F1A7FAC9063E}.Debug|Any CPU.ActiveCfg = Debug|Any CPU
		{00609963-2BAE-3117-63E7-F1A7FAC9063E}.Debug|Any CPU.Build.0 = Debug|Any CPU
		{00609963-2BAE-3117-63E7-F1A7FAC9063E}.Release|Any CPU.ActiveCfg = Release|Any CPU
		{00609963-2BAE-3117-63E7-F1A7FAC9063E}.Release|Any CPU.Build.0 = Release|Any CPU
		{0AB18964-1A00-4C91-9FFD-DCE37A0EF093}.Debug|Any CPU.ActiveCfg = Debug|Any CPU
		{0AB18964-1A00-4C91-9FFD-DCE37A0EF093}.Debug|Any CPU.Build.0 = Debug|Any CPU
		{0AB18964-1A00-4C91-9FFD-DCE37A0EF093}.Release|Any CPU.ActiveCfg = Release|Any CPU
		{0AB18964-1A00-4C91-9FFD-DCE37A0EF093}.Release|Any CPU.Build.0 = Release|Any CPU
		{3E55CAAE-C434-B61F-CF9D-E11BB66A6006}.Debug|Any CPU.ActiveCfg = Debug|Any CPU
		{3E55CAAE-C434-B61F-CF9D-E11BB66A6006}.Debug|Any CPU.Build.0 = Debug|Any CPU
		{3E55CAAE-C434-B61F-CF9D-E11BB66A6006}.Release|Any CPU.ActiveCfg = Release|Any CPU
		{3E55CAAE-C434-B61F-CF9D-E11BB66A6006}.Release|Any CPU.Build.0 = Release|Any CPU
		{88942BC6-2383-BF30-A6CA-C4D87E00D358}.Debug|Any CPU.ActiveCfg = Debug|Any CPU
		{88942BC6-2383-BF30-A6CA-C4D87E00D358}.Debug|Any CPU.Build.0 = Debug|Any CPU
		{88942BC6-2383-BF30-A6CA-C4D87E00D358}.Release|Any CPU.ActiveCfg = Release|Any CPU
		{88942BC6-2383-BF30-A6CA-C4D87E00D358}.Release|Any CPU.Build.0 = Release|Any CPU
		{61B2C373-5FE9-5C66-0568-58E95DC3CDDA}.Debug|Any CPU.ActiveCfg = Debug|Any CPU
		{61B2C373-5FE9-5C66-0568-58E95DC3CDDA}.Debug|Any CPU.Build.0 = Debug|Any CPU
		{61B2C373-5FE9-5C66-0568-58E95DC3CDDA}.Release|Any CPU.ActiveCfg = Release|Any CPU
		{61B2C373-5FE9-5C66-0568-58E95DC3CDDA}.Release|Any CPU.Build.0 = Release|Any CPU
		{CB06D30B-9D58-B656-127D-44A50C285886}.Debug|Any CPU.ActiveCfg = Debug|Any CPU
		{CB06D30B-9D58-B656-127D-44A50C285886}.Debug|Any CPU.Build.0 = Debug|Any CPU
		{CB06D30B-9D58-B656-127D-44A50C285886}.Release|Any CPU.ActiveCfg = Release|Any CPU
		{CB06D30B-9D58-B656-127D-44A50C285886}.Release|Any CPU.Build.0 = Release|Any CPU
		{ECE83141-A011-9A16-99EF-DFF52C3A3373}.Debug|Any CPU.ActiveCfg = Debug|Any CPU
		{ECE83141-A011-9A16-99EF-DFF52C3A3373}.Debug|Any CPU.Build.0 = Debug|Any CPU
		{ECE83141-A011-9A16-99EF-DFF52C3A3373}.Release|Any CPU.ActiveCfg = Release|Any CPU
		{ECE83141-A011-9A16-99EF-DFF52C3A3373}.Release|Any CPU.Build.0 = Release|Any CPU
		{64376EDC-B966-2D22-1DED-015F2D8C317D}.Debug|Any CPU.ActiveCfg = Debug|Any CPU
		{64376EDC-B966-2D22-1DED-015F2D8C317D}.Debug|Any CPU.Build.0 = Debug|Any CPU
		{64376EDC-B966-2D22-1DED-015F2D8C317D}.Release|Any CPU.ActiveCfg = Release|Any CPU
		{64376EDC-B966-2D22-1DED-015F2D8C317D}.Release|Any CPU.Build.0 = Release|Any CPU
		{2CA8EAC9-98F4-53A9-8A76-D90530E03556}.Debug|Any CPU.ActiveCfg = Debug|Any CPU
		{2CA8EAC9-98F4-53A9-8A76-D90530E03556}.Debug|Any CPU.Build.0 = Debug|Any CPU
		{2CA8EAC9-98F4-53A9-8A76-D90530E03556}.Release|Any CPU.ActiveCfg = Release|Any CPU
		{2CA8EAC9-98F4-53A9-8A76-D90530E03556}.Release|Any CPU.Build.0 = Release|Any CPU
		{994C0DB8-D1AD-B374-397A-E46846BB826E}.Debug|Any CPU.ActiveCfg = Debug|Any CPU
		{994C0DB8-D1AD-B374-397A-E46846BB826E}.Debug|Any CPU.Build.0 = Debug|Any CPU
		{994C0DB8-D1AD-B374-397A-E46846BB826E}.Release|Any CPU.ActiveCfg = Release|Any CPU
		{994C0DB8-D1AD-B374-397A-E46846BB826E}.Release|Any CPU.Build.0 = Release|Any CPU
		{433F3357-4F90-4560-929A-9C90D0FA6E03}.Debug|Any CPU.ActiveCfg = Debug|Any CPU
		{433F3357-4F90-4560-929A-9C90D0FA6E03}.Debug|Any CPU.Build.0 = Debug|Any CPU
		{433F3357-4F90-4560-929A-9C90D0FA6E03}.Release|Any CPU.ActiveCfg = Release|Any CPU
		{433F3357-4F90-4560-929A-9C90D0FA6E03}.Release|Any CPU.Build.0 = Release|Any CPU
		{D5BB4BC4-5024-70CE-EA60-43F6BCCC1BF6}.Debug|Any CPU.ActiveCfg = Debug|Any CPU
		{D5BB4BC4-5024-70CE-EA60-43F6BCCC1BF6}.Debug|Any CPU.Build.0 = Debug|Any CPU
		{D5BB4BC4-5024-70CE-EA60-43F6BCCC1BF6}.Release|Any CPU.ActiveCfg = Release|Any CPU
		{D5BB4BC4-5024-70CE-EA60-43F6BCCC1BF6}.Release|Any CPU.Build.0 = Release|Any CPU
		{A8ED5BD6-4976-C398-43BE-FAADB4A5FD7E}.Debug|Any CPU.ActiveCfg = Debug|Any CPU
		{A8ED5BD6-4976-C398-43BE-FAADB4A5FD7E}.Debug|Any CPU.Build.0 = Debug|Any CPU
		{A8ED5BD6-4976-C398-43BE-FAADB4A5FD7E}.Release|Any CPU.ActiveCfg = Release|Any CPU
		{A8ED5BD6-4976-C398-43BE-FAADB4A5FD7E}.Release|Any CPU.Build.0 = Release|Any CPU
		{41C54E78-71A4-39BB-9008-413903CC7162}.Debug|Any CPU.ActiveCfg = Debug|Any CPU
		{41C54E78-71A4-39BB-9008-413903CC7162}.Debug|Any CPU.Build.0 = Debug|Any CPU
		{41C54E78-71A4-39BB-9008-413903CC7162}.Release|Any CPU.ActiveCfg = Release|Any CPU
		{41C54E78-71A4-39BB-9008-413903CC7162}.Release|Any CPU.Build.0 = Release|Any CPU
		{02EE7593-84EC-957B-124A-05AD294CBDA4}.Debug|Any CPU.ActiveCfg = Debug|Any CPU
		{02EE7593-84EC-957B-124A-05AD294CBDA4}.Debug|Any CPU.Build.0 = Debug|Any CPU
		{02EE7593-84EC-957B-124A-05AD294CBDA4}.Release|Any CPU.ActiveCfg = Release|Any CPU
		{02EE7593-84EC-957B-124A-05AD294CBDA4}.Release|Any CPU.Build.0 = Release|Any CPU
		{5937946B-D41B-3D55-430B-37A72F574FBB}.Debug|Any CPU.ActiveCfg = Debug|Any CPU
		{5937946B-D41B-3D55-430B-37A72F574FBB}.Debug|Any CPU.Build.0 = Debug|Any CPU
		{5937946B-D41B-3D55-430B-37A72F574FBB}.Release|Any CPU.ActiveCfg = Release|Any CPU
		{5937946B-D41B-3D55-430B-37A72F574FBB}.Release|Any CPU.Build.0 = Release|Any CPU
		{A0573787-EED6-C1E5-6F1A-C4C820B9E1A5}.Debug|Any CPU.ActiveCfg = Debug|Any CPU
		{A0573787-EED6-C1E5-6F1A-C4C820B9E1A5}.Debug|Any CPU.Build.0 = Debug|Any CPU
		{A0573787-EED6-C1E5-6F1A-C4C820B9E1A5}.Release|Any CPU.ActiveCfg = Release|Any CPU
		{A0573787-EED6-C1E5-6F1A-C4C820B9E1A5}.Release|Any CPU.Build.0 = Release|Any CPU
		{2F9964E2-0C31-F76D-26C9-7BCB68F57859}.Debug|Any CPU.ActiveCfg = Debug|Any CPU
		{2F9964E2-0C31-F76D-26C9-7BCB68F57859}.Debug|Any CPU.Build.0 = Debug|Any CPU
		{2F9964E2-0C31-F76D-26C9-7BCB68F57859}.Release|Any CPU.ActiveCfg = Release|Any CPU
		{2F9964E2-0C31-F76D-26C9-7BCB68F57859}.Release|Any CPU.Build.0 = Release|Any CPU
		{AA7B862B-DEA7-ACA5-24E9-C50BAAE95842}.Debug|Any CPU.ActiveCfg = Debug|Any CPU
		{AA7B862B-DEA7-ACA5-24E9-C50BAAE95842}.Debug|Any CPU.Build.0 = Debug|Any CPU
		{AA7B862B-DEA7-ACA5-24E9-C50BAAE95842}.Release|Any CPU.ActiveCfg = Release|Any CPU
		{AA7B862B-DEA7-ACA5-24E9-C50BAAE95842}.Release|Any CPU.Build.0 = Release|Any CPU
		{C3BFA628-0342-9CFC-7B14-AE3823F10F0B}.Debug|Any CPU.ActiveCfg = Debug|Any CPU
		{C3BFA628-0342-9CFC-7B14-AE3823F10F0B}.Debug|Any CPU.Build.0 = Debug|Any CPU
		{C3BFA628-0342-9CFC-7B14-AE3823F10F0B}.Release|Any CPU.ActiveCfg = Release|Any CPU
		{C3BFA628-0342-9CFC-7B14-AE3823F10F0B}.Release|Any CPU.Build.0 = Release|Any CPU
		{7D339B8B-0972-AE65-B2F2-A6C5BA7EEDF9}.Debug|Any CPU.ActiveCfg = Debug|Any CPU
		{7D339B8B-0972-AE65-B2F2-A6C5BA7EEDF9}.Debug|Any CPU.Build.0 = Debug|Any CPU
		{7D339B8B-0972-AE65-B2F2-A6C5BA7EEDF9}.Release|Any CPU.ActiveCfg = Release|Any CPU
		{7D339B8B-0972-AE65-B2F2-A6C5BA7EEDF9}.Release|Any CPU.Build.0 = Release|Any CPU
		{03C0F8E0-6E65-F389-1B5E-A4FCE0A8F4F1}.Debug|Any CPU.ActiveCfg = Debug|Any CPU
		{03C0F8E0-6E65-F389-1B5E-A4FCE0A8F4F1}.Debug|Any CPU.Build.0 = Debug|Any CPU
		{03C0F8E0-6E65-F389-1B5E-A4FCE0A8F4F1}.Release|Any CPU.ActiveCfg = Release|Any CPU
		{03C0F8E0-6E65-F389-1B5E-A4FCE0A8F4F1}.Release|Any CPU.Build.0 = Release|Any CPU
		{1E1B629E-95B1-4FFE-E086-254965B354A9}.Debug|Any CPU.ActiveCfg = Debug|Any CPU
		{1E1B629E-95B1-4FFE-E086-254965B354A9}.Debug|Any CPU.Build.0 = Debug|Any CPU
		{1E1B629E-95B1-4FFE-E086-254965B354A9}.Release|Any CPU.ActiveCfg = Release|Any CPU
		{1E1B629E-95B1-4FFE-E086-254965B354A9}.Release|Any CPU.Build.0 = Release|Any CPU
		{28E867B3-AFBD-5E17-7D85-C883EA119C05}.Debug|Any CPU.ActiveCfg = Debug|Any CPU
		{28E867B3-AFBD-5E17-7D85-C883EA119C05}.Debug|Any CPU.Build.0 = Debug|Any CPU
		{28E867B3-AFBD-5E17-7D85-C883EA119C05}.Release|Any CPU.ActiveCfg = Release|Any CPU
		{28E867B3-AFBD-5E17-7D85-C883EA119C05}.Release|Any CPU.Build.0 = Release|Any CPU
		{ECDE6C37-9237-6F4D-2C5F-403AAFE4825D}.Debug|Any CPU.ActiveCfg = Debug|Any CPU
		{ECDE6C37-9237-6F4D-2C5F-403AAFE4825D}.Debug|Any CPU.Build.0 = Debug|Any CPU
		{ECDE6C37-9237-6F4D-2C5F-403AAFE4825D}.Release|Any CPU.ActiveCfg = Release|Any CPU
		{ECDE6C37-9237-6F4D-2C5F-403AAFE4825D}.Release|Any CPU.Build.0 = Release|Any CPU
		{0CB5DB08-C3D3-0F60-6CDD-2804040E7A57}.Debug|Any CPU.ActiveCfg = Debug|Any CPU
		{0CB5DB08-C3D3-0F60-6CDD-2804040E7A57}.Debug|Any CPU.Build.0 = Debug|Any CPU
		{0CB5DB08-C3D3-0F60-6CDD-2804040E7A57}.Release|Any CPU.ActiveCfg = Release|Any CPU
		{0CB5DB08-C3D3-0F60-6CDD-2804040E7A57}.Release|Any CPU.Build.0 = Release|Any CPU
		{86C396F3-434B-6D29-7EB7-14398C1F3E8F}.Debug|Any CPU.ActiveCfg = Debug|Any CPU
		{86C396F3-434B-6D29-7EB7-14398C1F3E8F}.Debug|Any CPU.Build.0 = Debug|Any CPU
		{86C396F3-434B-6D29-7EB7-14398C1F3E8F}.Release|Any CPU.ActiveCfg = Release|Any CPU
		{86C396F3-434B-6D29-7EB7-14398C1F3E8F}.Release|Any CPU.Build.0 = Release|Any CPU
		{64249863-56A2-FBC0-6EE4-C751F99179FE}.Debug|Any CPU.ActiveCfg = Debug|Any CPU
		{64249863-56A2-FBC0-6EE4-C751F99179FE}.Debug|Any CPU.Build.0 = Debug|Any CPU
		{64249863-56A2-FBC0-6EE4-C751F99179FE}.Release|Any CPU.ActiveCfg = Release|Any CPU
		{64249863-56A2-FBC0-6EE4-C751F99179FE}.Release|Any CPU.Build.0 = Release|Any CPU
		{76807EE8-4ABD-0070-EAAA-3DB0D9EAB888}.Debug|Any CPU.ActiveCfg = Debug|Any CPU
		{76807EE8-4ABD-0070-EAAA-3DB0D9EAB888}.Debug|Any CPU.Build.0 = Debug|Any CPU
		{76807EE8-4ABD-0070-EAAA-3DB0D9EAB888}.Release|Any CPU.ActiveCfg = Release|Any CPU
		{76807EE8-4ABD-0070-EAAA-3DB0D9EAB888}.Release|Any CPU.Build.0 = Release|Any CPU
		{7E007A5E-647F-928E-1F34-E8F57ECA26FF}.Debug|Any CPU.ActiveCfg = Debug|Any CPU
		{7E007A5E-647F-928E-1F34-E8F57ECA26FF}.Debug|Any CPU.Build.0 = Debug|Any CPU
		{7E007A5E-647F-928E-1F34-E8F57ECA26FF}.Release|Any CPU.ActiveCfg = Release|Any CPU
		{7E007A5E-647F-928E-1F34-E8F57ECA26FF}.Release|Any CPU.Build.0 = Release|Any CPU
		{624A0500-5FAF-2BC8-6425-FF8A5A55FAC3}.Debug|Any CPU.ActiveCfg = Debug|Any CPU
		{624A0500-5FAF-2BC8-6425-FF8A5A55FAC3}.Debug|Any CPU.Build.0 = Debug|Any CPU
		{624A0500-5FAF-2BC8-6425-FF8A5A55FAC3}.Release|Any CPU.ActiveCfg = Release|Any CPU
		{624A0500-5FAF-2BC8-6425-FF8A5A55FAC3}.Release|Any CPU.Build.0 = Release|Any CPU
		{A35A7570-7951-6FCC-450B-58F55E3A1149}.Debug|Any CPU.ActiveCfg = Debug|Any CPU
		{A35A7570-7951-6FCC-450B-58F55E3A1149}.Debug|Any CPU.Build.0 = Debug|Any CPU
		{A35A7570-7951-6FCC-450B-58F55E3A1149}.Release|Any CPU.ActiveCfg = Release|Any CPU
		{A35A7570-7951-6FCC-450B-58F55E3A1149}.Release|Any CPU.Build.0 = Release|Any CPU
		{28BCF5C7-787C-9C7D-6821-829710E4BC05}.Debug|Any CPU.ActiveCfg = Debug|Any CPU
		{28BCF5C7-787C-9C7D-6821-829710E4BC05}.Debug|Any CPU.Build.0 = Debug|Any CPU
		{28BCF5C7-787C-9C7D-6821-829710E4BC05}.Release|Any CPU.ActiveCfg = Release|Any CPU
		{28BCF5C7-787C-9C7D-6821-829710E4BC05}.Release|Any CPU.Build.0 = Release|Any CPU
		{1774DBC0-7A42-7128-7BB1-3DC10E5214C7}.Debug|Any CPU.ActiveCfg = Debug|Any CPU
		{1774DBC0-7A42-7128-7BB1-3DC10E5214C7}.Debug|Any CPU.Build.0 = Debug|Any CPU
		{1774DBC0-7A42-7128-7BB1-3DC10E5214C7}.Release|Any CPU.ActiveCfg = Release|Any CPU
		{1774DBC0-7A42-7128-7BB1-3DC10E5214C7}.Release|Any CPU.Build.0 = Release|Any CPU
		{E3A81511-5338-2233-0297-5C9C9F209811}.Debug|Any CPU.ActiveCfg = Debug|Any CPU
		{E3A81511-5338-2233-0297-5C9C9F209811}.Debug|Any CPU.Build.0 = Debug|Any CPU
		{E3A81511-5338-2233-0297-5C9C9F209811}.Release|Any CPU.ActiveCfg = Release|Any CPU
		{E3A81511-5338-2233-0297-5C9C9F209811}.Release|Any CPU.Build.0 = Release|Any CPU
		{BEF82BFE-F557-114D-F3D2-9097F59BBE8D}.Debug|Any CPU.ActiveCfg = Debug|Any CPU
		{BEF82BFE-F557-114D-F3D2-9097F59BBE8D}.Debug|Any CPU.Build.0 = Debug|Any CPU
		{BEF82BFE-F557-114D-F3D2-9097F59BBE8D}.Release|Any CPU.ActiveCfg = Release|Any CPU
		{BEF82BFE-F557-114D-F3D2-9097F59BBE8D}.Release|Any CPU.Build.0 = Release|Any CPU
		{310767B2-2FD9-3B0B-69E7-671EEE2F764F}.Debug|Any CPU.ActiveCfg = Debug|Any CPU
		{310767B2-2FD9-3B0B-69E7-671EEE2F764F}.Debug|Any CPU.Build.0 = Debug|Any CPU
		{310767B2-2FD9-3B0B-69E7-671EEE2F764F}.Release|Any CPU.ActiveCfg = Release|Any CPU
		{310767B2-2FD9-3B0B-69E7-671EEE2F764F}.Release|Any CPU.Build.0 = Release|Any CPU
		{08A3A7B9-5034-2780-C0B5-59E071FF1D89}.Debug|Any CPU.ActiveCfg = Debug|Any CPU
		{08A3A7B9-5034-2780-C0B5-59E071FF1D89}.Debug|Any CPU.Build.0 = Debug|Any CPU
		{08A3A7B9-5034-2780-C0B5-59E071FF1D89}.Release|Any CPU.ActiveCfg = Release|Any CPU
		{08A3A7B9-5034-2780-C0B5-59E071FF1D89}.Release|Any CPU.Build.0 = Release|Any CPU
		{F445833B-79C3-13F0-935E-C04773919CD6}.Debug|Any CPU.ActiveCfg = Debug|Any CPU
		{F445833B-79C3-13F0-935E-C04773919CD6}.Debug|Any CPU.Build.0 = Debug|Any CPU
		{F445833B-79C3-13F0-935E-C04773919CD6}.Release|Any CPU.ActiveCfg = Release|Any CPU
		{F445833B-79C3-13F0-935E-C04773919CD6}.Release|Any CPU.Build.0 = Release|Any CPU
		{DF9A9BFB-6F1B-4868-5F68-287F0B05BEF8}.Debug|Any CPU.ActiveCfg = Debug|Any CPU
		{DF9A9BFB-6F1B-4868-5F68-287F0B05BEF8}.Debug|Any CPU.Build.0 = Debug|Any CPU
		{DF9A9BFB-6F1B-4868-5F68-287F0B05BEF8}.Release|Any CPU.ActiveCfg = Release|Any CPU
		{DF9A9BFB-6F1B-4868-5F68-287F0B05BEF8}.Release|Any CPU.Build.0 = Release|Any CPU
		{51CE80AA-C67A-5E0F-583D-D865EBEE7E86}.Debug|Any CPU.ActiveCfg = Debug|Any CPU
		{51CE80AA-C67A-5E0F-583D-D865EBEE7E86}.Debug|Any CPU.Build.0 = Debug|Any CPU
		{51CE80AA-C67A-5E0F-583D-D865EBEE7E86}.Release|Any CPU.ActiveCfg = Release|Any CPU
		{51CE80AA-C67A-5E0F-583D-D865EBEE7E86}.Release|Any CPU.Build.0 = Release|Any CPU
		{16494863-1843-0820-4666-537E035D6B76}.Debug|Any CPU.ActiveCfg = Debug|Any CPU
		{16494863-1843-0820-4666-537E035D6B76}.Debug|Any CPU.Build.0 = Debug|Any CPU
		{16494863-1843-0820-4666-537E035D6B76}.Release|Any CPU.ActiveCfg = Release|Any CPU
		{16494863-1843-0820-4666-537E035D6B76}.Release|Any CPU.Build.0 = Release|Any CPU
		{ECCF3175-DF4F-B6F4-C781-4683D2DB733C}.Debug|Any CPU.ActiveCfg = Debug|Any CPU
		{ECCF3175-DF4F-B6F4-C781-4683D2DB733C}.Debug|Any CPU.Build.0 = Debug|Any CPU
		{ECCF3175-DF4F-B6F4-C781-4683D2DB733C}.Release|Any CPU.ActiveCfg = Release|Any CPU
		{ECCF3175-DF4F-B6F4-C781-4683D2DB733C}.Release|Any CPU.Build.0 = Release|Any CPU
		{0520C820-B32C-CE4F-C2DE-1B5AC66C327C}.Debug|Any CPU.ActiveCfg = Debug|Any CPU
		{0520C820-B32C-CE4F-C2DE-1B5AC66C327C}.Debug|Any CPU.Build.0 = Debug|Any CPU
		{0520C820-B32C-CE4F-C2DE-1B5AC66C327C}.Release|Any CPU.ActiveCfg = Release|Any CPU
		{0520C820-B32C-CE4F-C2DE-1B5AC66C327C}.Release|Any CPU.Build.0 = Release|Any CPU
		{2DE90F76-665E-9F93-A0B7-4EB4ED80AD6F}.Debug|Any CPU.ActiveCfg = Debug|Any CPU
		{2DE90F76-665E-9F93-A0B7-4EB4ED80AD6F}.Debug|Any CPU.Build.0 = Debug|Any CPU
		{2DE90F76-665E-9F93-A0B7-4EB4ED80AD6F}.Release|Any CPU.ActiveCfg = Release|Any CPU
		{2DE90F76-665E-9F93-A0B7-4EB4ED80AD6F}.Release|Any CPU.Build.0 = Release|Any CPU
		{237CC170-1BD9-618D-72F3-A1E70DEF50D2}.Debug|Any CPU.ActiveCfg = Debug|Any CPU
		{237CC170-1BD9-618D-72F3-A1E70DEF50D2}.Debug|Any CPU.Build.0 = Debug|Any CPU
		{237CC170-1BD9-618D-72F3-A1E70DEF50D2}.Release|Any CPU.ActiveCfg = Release|Any CPU
		{237CC170-1BD9-618D-72F3-A1E70DEF50D2}.Release|Any CPU.Build.0 = Release|Any CPU
		{DA374C13-794A-0C32-DDA3-CF5EAD7B0E7E}.Debug|Any CPU.ActiveCfg = Debug|Any CPU
		{DA374C13-794A-0C32-DDA3-CF5EAD7B0E7E}.Debug|Any CPU.Build.0 = Debug|Any CPU
		{DA374C13-794A-0C32-DDA3-CF5EAD7B0E7E}.Release|Any CPU.ActiveCfg = Release|Any CPU
		{DA374C13-794A-0C32-DDA3-CF5EAD7B0E7E}.Release|Any CPU.Build.0 = Release|Any CPU
		{5554B79D-8A18-7D27-E5BC-5464AE775CFA}.Debug|Any CPU.ActiveCfg = Debug|Any CPU
		{5554B79D-8A18-7D27-E5BC-5464AE775CFA}.Debug|Any CPU.Build.0 = Debug|Any CPU
		{5554B79D-8A18-7D27-E5BC-5464AE775CFA}.Release|Any CPU.ActiveCfg = Release|Any CPU
		{5554B79D-8A18-7D27-E5BC-5464AE775CFA}.Release|Any CPU.Build.0 = Release|Any CPU
	EndGlobalSection
	GlobalSection(SolutionProperties) = preSolution
		HideSolutionNode = FALSE
	EndGlobalSection
EndGlobal
